PODS:
  - CustomLoading (1.0.4):
    - lottie-ios
    - RefreshKit
  - lottie-ios (3.1.6)
  - RefreshKit (1.0.3)

DEPENDENCIES:
  - CustomLoading (from `../`)

SPEC REPOS:
  https://github.com/CocoaPods/Specs.git:
    - lottie-ios
  https://github.com/Kalanhall/Specs.git:
    - RefreshKit

EXTERNAL SOURCES:
  CustomLoading:
    :path: "../"

SPEC CHECKSUMS:
  CustomLoading: 80a747d44a3738d715615c8dbb84ef9e304c658c
  lottie-ios: 85ce835dd8c53e02509f20729fc7d6a4e6645a0a
  RefreshKit: c060ef6431da4a23ef90d0b935540d709557ab50

PODFILE CHECKSUM: 0a814290576409bf6105f97f1f70a46b99cf3e89

COCOAPODS: 1.8.3
